
Microsoft Visual Studio Solution File, Format Version 12.00
# Visual Studio Version 17
VisualStudioVersion = 17.8.34525.116
MinimumVisualStudioVersion = 10.0.40219.1
Project("{FAE04EC0-301F-11D3-BF4B-00C04F79EFBC}") = "Entities", "QuizApp\Entities.csproj", "{3F0ACBDC-45EF-49D8-962D-0B11BF1691FA}"
EndProject
Project("{FAE04EC0-301F-11D3-BF4B-00C04F79EFBC}") = "Core", "Core\Core.csproj", "{EE1A16BC-B309-463E-B37E-E1CC57612D48}"
EndProject
Project("{FAE04EC0-301F-11D3-BF4B-00C04F79EFBC}") = "DataAccess", "DataAccess\DataAccess.csproj", "{D5DEA94D-F18E-497E-960A-F2B4AEDC47D5}"
EndProject
Project("{FAE04EC0-301F-11D3-BF4B-00C04F79EFBC}") = "Business", "Business\Business.csproj", "{A0E1C6B3-0CB0-482D-8EE3-D196FAB2456D}"
EndProject
Project("{FAE04EC0-301F-11D3-BF4B-00C04F79EFBC}") = "QuizApi", "QuizApi\QuizApi.csproj", "{2B61C4DC-942C-4694-937D-F2124CBB8121}"
EndProject
Global
	GlobalSection(SolutionConfigurationPlatforms) = preSolution
		Debug|Any CPU = Debug|Any CPU
		Release|Any CPU = Release|Any CPU
	EndGlobalSection
	GlobalSection(ProjectConfigurationPlatforms) = postSolution
		{3F0ACBDC-45EF-49D8-962D-0B11BF1691FA}.Debug|Any CPU.ActiveCfg = Debug|Any CPU
		{3F0ACBDC-45EF-49D8-962D-0B11BF1691FA}.Debug|Any CPU.Build.0 = Debug|Any CPU
		{3F0ACBDC-45EF-49D8-962D-0B11BF1691FA}.Release|Any CPU.ActiveCfg = Release|Any CPU
		{3F0ACBDC-45EF-49D8-962D-0B11BF1691FA}.Release|Any CPU.Build.0 = Release|Any CPU
		{EE1A16BC-B309-463E-B37E-E1CC57612D48}.Debug|Any CPU.ActiveCfg = Debug|Any CPU
		{EE1A16BC-B309-463E-B37E-E1CC57612D48}.Debug|Any CPU.Build.0 = Debug|Any CPU
		{EE1A16BC-B309-463E-B37E-E1CC57612D48}.Release|Any CPU.ActiveCfg = Release|Any CPU
		{EE1A16BC-B309-463E-B37E-E1CC57612D48}.Release|Any CPU.Build.0 = Release|Any CPU
		{D5DEA94D-F18E-497E-960A-F2B4AEDC47D5}.Debug|Any CPU.ActiveCfg = Debug|Any CPU
		{D5DEA94D-F18E-497E-960A-F2B4AEDC47D5}.Debug|Any CPU.Build.0 = Debug|Any CPU
		{D5DEA94D-F18E-497E-960A-F2B4AEDC47D5}.Release|Any CPU.ActiveCfg = Release|Any CPU
		{D5DEA94D-F18E-497E-960A-F2B4AEDC47D5}.Release|Any CPU.Build.0 = Release|Any CPU
		{A0E1C6B3-0CB0-482D-8EE3-D196FAB2456D}.Debug|Any CPU.ActiveCfg = Debug|Any CPU
		{A0E1C6B3-0CB0-482D-8EE3-D196FAB2456D}.Debug|Any CPU.Build.0 = Debug|Any CPU
		{A0E1C6B3-0CB0-482D-8EE3-D196FAB2456D}.Release|Any CPU.ActiveCfg = Release|Any CPU
		{A0E1C6B3-0CB0-482D-8EE3-D196FAB2456D}.Release|Any CPU.Build.0 = Release|Any CPU
		{2B61C4DC-942C-4694-937D-F2124CBB8121}.Debug|Any CPU.ActiveCfg = Debug|Any CPU
		{2B61C4DC-942C-4694-937D-F2124CBB8121}.Debug|Any CPU.Build.0 = Debug|Any CPU
		{2B61C4DC-942C-4694-937D-F2124CBB8121}.Release|Any CPU.ActiveCfg = Release|Any CPU
		{2B61C4DC-942C-4694-937D-F2124CBB8121}.Release|Any CPU.Build.0 = Release|Any CPU
	EndGlobalSection
	GlobalSection(SolutionProperties) = preSolution
		HideSolutionNode = FALSE
	EndGlobalSection
	GlobalSection(ExtensibilityGlobals) = postSolution
		SolutionGuid = {C1251A45-6210-40A7-93DA-010389CA39F8}
	EndGlobalSection
EndGlobal
